// !$*UTF8*$!
{
	archiveVersion = 1;
	classes = {
	};
	objectVersion = 55;
	objects = {

/* Begin PBXBuildFile section */
		7FCA6A7C2777536200959A3C /* AppDelegate.swift in Sources */ = {isa = PBXBuildFile; fileRef = 7FCA6A7B2777536200959A3C /* AppDelegate.swift */; };
		7FCA6A7E2777536200959A3C /* SceneDelegate.swift in Sources */ = {isa = PBXBuildFile; fileRef = 7FCA6A7D2777536200959A3C /* SceneDelegate.swift */; };
		7FCA6A802777536200959A3C /* ViewController.swift in Sources */ = {isa = PBXBuildFile; fileRef = 7FCA6A7F2777536200959A3C /* ViewController.swift */; };
		7FCA6A832777536200959A3C /* Main.storyboard in Resources */ = {isa = PBXBuildFile; fileRef = 7FCA6A812777536200959A3C /* Main.storyboard */; };
		7FCA6A862777536200959A3C /* iOS_Task_Swift.xcdatamodeld in Sources */ = {isa = PBXBuildFile; fileRef = 7FCA6A842777536200959A3C /* iOS_Task_Swift.xcdatamodeld */; };
		7FCA6A882777536400959A3C /* Assets.xcassets in Resources */ = {isa = PBXBuildFile; fileRef = 7FCA6A872777536400959A3C /* Assets.xcassets */; };
		7FCA6A8B2777536400959A3C /* LaunchScreen.storyboard in Resources */ = {isa = PBXBuildFile; fileRef = 7FCA6A892777536400959A3C /* LaunchScreen.storyboard */; };
		7FCA6A94277753C200959A3C /* Model.swift in Sources */ = {isa = PBXBuildFile; fileRef = 7FCA6A93277753C200959A3C /* Model.swift */; };
		7FCA6A972777541500959A3C /* Network.swift in Sources */ = {isa = PBXBuildFile; fileRef = 7FCA6A962777541500959A3C /* Network.swift */; };
		7FCA6A9B277754E300959A3C /* HomeViewController.swift in Sources */ = {isa = PBXBuildFile; fileRef = 7FCA6A99277754E300959A3C /* HomeViewController.swift */; };
		7FCA6A9C277754E300959A3C /* HomeViewController.xib in Resources */ = {isa = PBXBuildFile; fileRef = 7FCA6A9A277754E300959A3C /* HomeViewController.xib */; };
		7FCA6AA02777560B00959A3C /* HomeCollectionViewCell.swift in Sources */ = {isa = PBXBuildFile; fileRef = 7FCA6A9E2777560B00959A3C /* HomeCollectionViewCell.swift */; };
		7FCA6AA12777560B00959A3C /* HomeCollectionViewCell.xib in Resources */ = {isa = PBXBuildFile; fileRef = 7FCA6A9F2777560B00959A3C /* HomeCollectionViewCell.xib */; };
/* End PBXBuildFile section */

/* Begin PBXFileReference section */
		7FCA6A782777536200959A3C /* iOS-Task Swift.app */ = {isa = PBXFileReference; explicitFileType = wrapper.application; includeInIndex = 0; path = "iOS-Task Swift.app"; sourceTree = BUILT_PRODUCTS_DIR; };
		7FCA6A7B2777536200959A3C /* AppDelegate.swift */ = {isa = PBXFileReference; lastKnownFileType = sourcecode.swift; path = AppDelegate.swift; sourceTree = "<group>"; };
		7FCA6A7D2777536200959A3C /* SceneDelegate.swift */ = {isa = PBXFileReference; lastKnownFileType = sourcecode.swift; path = SceneDelegate.swift; sourceTree = "<group>"; };
		7FCA6A7F2777536200959A3C /* ViewController.swift */ = {isa = PBXFileReference; lastKnownFileType = sourcecode.swift; path = ViewController.swift; sourceTree = "<group>"; };
		7FCA6A822777536200959A3C /* Base */ = {isa = PBXFileReference; lastKnownFileType = file.storyboard; name = Base; path = Base.lproj/Main.storyboard; sourceTree = "<group>"; };
		7FCA6A852777536200959A3C /* iOS_Task_Swift.xcdatamodel */ = {isa = PBXFileReference; lastKnownFileType = wrapper.xcdatamodel; path = iOS_Task_Swift.xcdatamodel; sourceTree = "<group>"; };
		7FCA6A872777536400959A3C /* Assets.xcassets */ = {isa = PBXFileReference; lastKnownFileType = folder.assetcatalog; path = Assets.xcassets; sourceTree = "<group>"; };
		7FCA6A8A2777536400959A3C /* Base */ = {isa = PBXFileReference; lastKnownFileType = file.storyboard; name = Base; path = Base.lproj/LaunchScreen.storyboard; sourceTree = "<group>"; };
		7FCA6A8C2777536400959A3C /* Info.plist */ = {isa = PBXFileReference; lastKnownFileType = text.plist.xml; path = Info.plist; sourceTree = "<group>"; };
		7FCA6A93277753C200959A3C /* Model.swift */ = {isa = PBXFileReference; lastKnownFileType = sourcecode.swift; path = Model.swift; sourceTree = "<group>"; };
		7FCA6A962777541500959A3C /* Network.swift */ = {isa = PBXFileReference; lastKnownFileType = sourcecode.swift; path = Network.swift; sourceTree = "<group>"; };
		7FCA6A99277754E300959A3C /* HomeViewController.swift */ = {isa = PBXFileReference; lastKnownFileType = sourcecode.swift; path = HomeViewController.swift; sourceTree = "<group>"; };
		7FCA6A9A277754E300959A3C /* HomeViewController.xib */ = {isa = PBXFileReference; lastKnownFileType = file.xib; path = HomeViewController.xib; sourceTree = "<group>"; };
		7FCA6A9E2777560B00959A3C /* HomeCollectionViewCell.swift */ = {isa = PBXFileReference; lastKnownFileType = sourcecode.swift; path = HomeCollectionViewCell.swift; sourceTree = "<group>"; };
		7FCA6A9F2777560B00959A3C /* HomeCollectionViewCell.xib */ = {isa = PBXFileReference; lastKnownFileType = file.xib; path = HomeCollectionViewCell.xib; sourceTree = "<group>"; };
/* End PBXFileReference section */

/* Begin PBXFrameworksBuildPhase section */
		7FCA6A752777536200959A3C /* Frameworks */ = {
			isa = PBXFrameworksBuildPhase;
			buildActionMask = 2147483647;
			files = (
			);
			runOnlyForDeploymentPostprocessing = 0;
		};
/* End PBXFrameworksBuildPhase section */

/* Begin PBXGroup section */
		7FCA6A6F2777536200959A3C = {
			isa = PBXGroup;
			children = (
				7FCA6A7A2777536200959A3C /* iOS-Task Swift */,
				7FCA6A792777536200959A3C /* Products */,
			);
			sourceTree = "<group>";
		};
		7FCA6A792777536200959A3C /* Products */ = {
			isa = PBXGroup;
			children = (
				7FCA6A782777536200959A3C /* iOS-Task Swift.app */,
			);
			name = Products;
			sourceTree = "<group>";
		};
		7FCA6A7A2777536200959A3C /* iOS-Task Swift */ = {
			isa = PBXGroup;
			children = (
				7FCA6A9D277755E600959A3C /* Views */,
				7FCA6A98277754BD00959A3C /* Controller */,
				7FCA6A952777540300959A3C /* Utilities */,
				7FCA6A922777537900959A3C /* Model */,
				7FCA6A7B2777536200959A3C /* AppDelegate.swift */,
				7FCA6A7D2777536200959A3C /* SceneDelegate.swift */,
				7FCA6A7F2777536200959A3C /* ViewController.swift */,
				7FCA6A812777536200959A3C /* Main.storyboard */,
				7FCA6A872777536400959A3C /* Assets.xcassets */,
				7FCA6A892777536400959A3C /* LaunchScreen.storyboard */,
				7FCA6A8C2777536400959A3C /* Info.plist */,
				7FCA6A842777536200959A3C /* iOS_Task_Swift.xcdatamodeld */,
			);
			path = "iOS-Task Swift";
			sourceTree = "<group>";
		};
		7FCA6A922777537900959A3C /* Model */ = {
			isa = PBXGroup;
			children = (
				7FCA6A93277753C200959A3C /* Model.swift */,
			);
			path = Model;
			sourceTree = "<group>";
		};
		7FCA6A952777540300959A3C /* Utilities */ = {
			isa = PBXGroup;
			children = (
				7FCA6A962777541500959A3C /* Network.swift */,
			);
			path = Utilities;
			sourceTree = "<group>";
		};
		7FCA6A98277754BD00959A3C /* Controller */ = {
			isa = PBXGroup;
			children = (
				7FCA6A99277754E300959A3C /* HomeViewController.swift */,
				7FCA6A9A277754E300959A3C /* HomeViewController.xib */,
			);
			path = Controller;
			sourceTree = "<group>";
		};
		7FCA6A9D277755E600959A3C /* Views */ = {
			isa = PBXGroup;
			children = (
				7FCA6A9E2777560B00959A3C /* HomeCollectionViewCell.swift */,
				7FCA6A9F2777560B00959A3C /* HomeCollectionViewCell.xib */,
			);
			path = Views;
			sourceTree = "<group>";
		};
/* End PBXGroup section */

/* Begin PBXNativeTarget section */
		7FCA6A772777536200959A3C /* iOS-Task Swift */ = {
			isa = PBXNativeTarget;
			buildConfigurationList = 7FCA6A8F2777536400959A3C /* Build configuration list for PBXNativeTarget "iOS-Task Swift" */;
			buildPhases = (
				7FCA6A742777536200959A3C /* Sources */,
				7FCA6A752777536200959A3C /* Frameworks */,
				7FCA6A762777536200959A3C /* Resources */,
			);
			buildRules = (
			);
			dependencies = (
			);
			name = "iOS-Task Swift";
			productName = "iOS-Task Swift";
			productReference = 7FCA6A782777536200959A3C /* iOS-Task Swift.app */;
			productType = "com.apple.product-type.application";
		};
/* End PBXNativeTarget section */

/* Begin PBXProject section */
		7FCA6A702777536200959A3C /* Project object */ = {
			isa = PBXProject;
			attributes = {
				BuildIndependentTargetsInParallel = 1;
				LastSwiftUpdateCheck = 1320;
				LastUpgradeCheck = 1320;
				TargetAttributes = {
					7FCA6A772777536200959A3C = {
						CreatedOnToolsVersion = 13.2.1;
					};
				};
			};
			buildConfigurationList = 7FCA6A732777536200959A3C /* Build configuration list for PBXProject "iOS-Task Swift" */;
			compatibilityVersion = "Xcode 13.0";
			developmentRegion = en;
			hasScannedForEncodings = 0;
			knownRegions = (
				en,
				Base,
			);
			mainGroup = 7FCA6A6F2777536200959A3C;
			productRefGroup = 7FCA6A792777536200959A3C /* Products */;
			projectDirPath = "";
			projectRoot = "";
			targets = (
				7FCA6A772777536200959A3C /* iOS-Task Swift */,
			);
		};
/* End PBXProject section */

/* Begin PBXResourcesBuildPhase section */
		7FCA6A762777536200959A3C /* Resources */ = {
			isa = PBXResourcesBuildPhase;
			buildActionMask = 2147483647;
			files = (
				7FCA6AA12777560B00959A3C /* HomeCollectionViewCell.xib in Resources */,
				7FCA6A8B2777536400959A3C /* LaunchScreen.storyboard in Resources */,
				7FCA6A882777536400959A3C /* Assets.xcassets in Resources */,
				7FCA6A832777536200959A3C /* Main.storyboard in Resources */,
				7FCA6A9C277754E300959A3C /* HomeViewController.xib in Resources */,
			);
			runOnlyForDeploymentPostprocessing = 0;
		};
/* End PBXResourcesBuildPhase section */

/* Begin PBXSourcesBuildPhase section */
		7FCA6A742777536200959A3C /* Sources */ = {
			isa = PBXSourcesBuildPhase;
			buildActionMask = 2147483647;
			files = (
				7FCA6A94277753C200959A3C /* Model.swift in Sources */,
				7FCA6A862777536200959A3C /* iOS_Task_Swift.xcdatamodeld in Sources */,
				7FCA6A972777541500959A3C /* Network.swift in Sources */,
				7FCA6A802777536200959A3C /* ViewController.swift in Sources */,
				7FCA6A7C2777536200959A3C /* AppDelegate.swift in Sources */,
				7FCA6A9B277754E300959A3C /* HomeViewController.swift in Sources */,
				7FCA6A7E2777536200959A3C /* SceneDelegate.swift in Sources */,
				7FCA6AA02777560B00959A3C /* HomeCollectionViewCell.swift in Sources */,
			);
			runOnlyForDeploymentPostprocessing = 0;
		};
/* End PBXSourcesBuildPhase section */

/* Begin PBXVariantGroup section */
		7FCA6A812777536200959A3C /* Main.storyboard */ = {
			isa = PBXVariantGroup;
			children = (
				7FCA6A822777536200959A3C /* Base */,
			);
			name = Main.storyboard;
			sourceTree = "<group>";
		};
		7FCA6A892777536400959A3C /* LaunchScreen.storyboard */ = {
			isa = PBXVariantGroup;
			children = (
				7FCA6A8A2777536400959A3C /* Base */,
			);
			name = LaunchScreen.storyboard;
			sourceTree = "<group>";
		};
/* End PBXVariantGroup section */

/* Begin XCBuildConfiguration section */
		7FCA6A8D2777536400959A3C /* Debug */ = {
			isa = XCBuildConfiguration;
			buildSettings = {
				ALWAYS_SEARCH_USER_PATHS = NO;
				CLANG_ANALYZER_NONNULL = YES;
				CLANG_ANALYZER_NUMBER_OBJECT_CONVERSION = YES_AGGRESSIVE;
				CLANG_CXX_LANGUAGE_STANDARD = "gnu++17";
				CLANG_CXX_LIBRARY = "libc++";
				CLANG_ENABLE_MODULES = YES;
				CLANG_ENABLE_OBJC_ARC = YES;
				CLANG_ENABLE_OBJC_WEAK = YES;
				CLANG_WARN_BLOCK_CAPTURE_AUTORELEASING = YES;
				CLANG_WARN_BOOL_CONVERSION = YES;
				CLANG_WARN_COMMA = YES;
				CLANG_WARN_CONSTANT_CONVERSION = YES;
				CLANG_WARN_DEPRECATED_OBJC_IMPLEMENTATIONS = YES;
				CLANG_WARN_DIRECT_OBJC_ISA_USAGE = YES_ERROR;
				CLANG_WARN_DOCUMENTATION_COMMENTS = YES;
				CLANG_WARN_EMPTY_BODY = YES;
				CLANG_WARN_ENUM_CONVERSION = YES;
				CLANG_WARN_INFINITE_RECURSION = YES;
				CLANG_WARN_INT_CONVERSION = YES;
				CLANG_WARN_NON_LITERAL_NULL_CONVERSION = YES;
				CLANG_WARN_OBJC_IMPLICIT_RETAIN_SELF = YES;
				CLANG_WARN_OBJC_LITERAL_CONVERSION = YES;
				CLANG_WARN_OBJC_ROOT_CLASS = YES_ERROR;
				CLANG_WARN_QUOTED_INCLUDE_IN_FRAMEWORK_HEADER = YES;
				CLANG_WARN_RANGE_LOOP_ANALYSIS = YES;
				CLANG_WARN_STRICT_PROTOTYPES = YES;
				CLANG_WARN_SUSPICIOUS_MOVE = YES;
				CLANG_WARN_UNGUARDED_AVAILABILITY = YES_AGGRESSIVE;
				CLANG_WARN_UNREACHABLE_CODE = YES;
				CLANG_WARN__DUPLICATE_METHOD_MATCH = YES;
				COPY_PHASE_STRIP = NO;
				DEBUG_INFORMATION_FORMAT = dwarf;
				ENABLE_STRICT_OBJC_MSGSEND = YES;
				ENABLE_TESTABILITY = YES;
				GCC_C_LANGUAGE_STANDARD = gnu11;
				GCC_DYNAMIC_NO_PIC = NO;
				GCC_NO_COMMON_BLOCKS = YES;
				GCC_OPTIMIZATION_LEVEL = 0;
				GCC_PREPROCESSOR_DEFINITIONS = (
					"DEBUG=1",
					"$(inherited)",
				);
				GCC_WARN_64_TO_32_BIT_CONVERSION = YES;
				GCC_WARN_ABOUT_RETURN_TYPE = YES_ERROR;
				GCC_WARN_UNDECLARED_SELECTOR = YES;
				GCC_WARN_UNINITIALIZED_AUTOS = YES_AGGRESSIVE;
				GCC_WARN_UNUSED_FUNCTION = YES;
				GCC_WARN_UNUSED_VARIABLE = YES;
				IPHONEOS_DEPLOYMENT_TARGET = 15.2;
				MTL_ENABLE_DEBUG_INFO = INCLUDE_SOURCE;
				MTL_FAST_MATH = YES;
				ONLY_ACTIVE_ARCH = YES;
				SDKROOT = iphoneos;
				SWIFT_ACTIVE_COMPILATION_CONDITIONS = DEBUG;
				SWIFT_OPTIMIZATION_LEVEL = "-Onone";
			};
			name = Debug;
		};
		7FCA6A8E2777536400959A3C /* Release */ = {
			isa = XCBuildConfiguration;
			buildSettings = {
				ALWAYS_SEARCH_USER_PATHS = NO;
				CLANG_ANALYZER_NONNULL = YES;
				CLANG_ANALYZER_NUMBER_OBJECT_CONVERSION = YES_AGGRESSIVE;
				CLANG_CXX_LANGUAGE_STANDARD = "gnu++17";
				CLANG_CXX_LIBRARY = "libc++";
				CLANG_ENABLE_MODULES = YES;
				CLANG_ENABLE_OBJC_ARC = YES;
				CLANG_ENABLE_OBJC_WEAK = YES;
				CLANG_WARN_BLOCK_CAPTURE_AUTORELEASING = YES;
				CLANG_WARN_BOOL_CONVERSION = YES;
				CLANG_WARN_COMMA = YES;
				CLANG_WARN_CONSTANT_CONVERSION = YES;
				CLANG_WARN_DEPRECATED_OBJC_IMPLEMENTATIONS = YES;
				CLANG_WARN_DIRECT_OBJC_ISA_USAGE = YES_ERROR;
				CLANG_WARN_DOCUMENTATION_COMMENTS = YES;
				CLANG_WARN_EMPTY_BODY = YES;
				CLANG_WARN_ENUM_CONVERSION = YES;
				CLANG_WARN_INFINITE_RECURSION = YES;
				CLANG_WARN_INT_CONVERSION = YES;
				CLANG_WARN_NON_LITERAL_NULL_CONVERSION = YES;
				CLANG_WARN_OBJC_IMPLICIT_RETAIN_SELF = YES;
				CLANG_WARN_OBJC_LITERAL_CONVERSION = YES;
				CLANG_WARN_OBJC_ROOT_CLASS = YES_ERROR;
				CLANG_WARN_QUOTED_INCLUDE_IN_FRAMEWORK_HEADER = YES;
				CLANG_WARN_RANGE_LOOP_ANALYSIS = YES;
				CLANG_WARN_STRICT_PROTOTYPES = YES;
				CLANG_WARN_SUSPICIOUS_MOVE = YES;
				CLANG_WARN_UNGUARDED_AVAILABILITY = YES_AGGRESSIVE;
				CLANG_WARN_UNREACHABLE_CODE = YES;
				CLANG_WARN__DUPLICATE_METHOD_MATCH = YES;
				COPY_PHASE_STRIP = NO;
				DEBUG_INFORMATION_FORMAT = "dwarf-with-dsym";
				ENABLE_NS_ASSERTIONS = NO;
				ENABLE_STRICT_OBJC_MSGSEND = YES;
				GCC_C_LANGUAGE_STANDARD = gnu11;
				GCC_NO_COMMON_BLOCKS = YES;
				GCC_WARN_64_TO_32_BIT_CONVERSION = YES;
				GCC_WARN_ABOUT_RETURN_TYPE = YES_ERROR;
				GCC_WARN_UNDECLARED_SELECTOR = YES;
				GCC_WARN_UNINITIALIZED_AUTOS = YES_AGGRESSIVE;
				GCC_WARN_UNUSED_FUNCTION = YES;
				GCC_WARN_UNUSED_VARIABLE = YES;
				IPHONEOS_DEPLOYMENT_TARGET = 15.2;
				MTL_ENABLE_DEBUG_INFO = NO;
				MTL_FAST_MATH = YES;
				SDKROOT = iphoneos;
				SWIFT_COMPILATION_MODE = wholemodule;
				SWIFT_OPTIMIZATION_LEVEL = "-O";
				VALIDATE_PRODUCT = YES;
			};
			name = Release;
		};
		7FCA6A902777536400959A3C /* Debug */ = {
			isa = XCBuildConfiguration;
			buildSettings = {
				ASSETCATALOG_COMPILER_APPICON_NAME = AppIcon;
				ASSETCATALOG_COMPILER_GLOBAL_ACCENT_COLOR_NAME = AccentColor;
				CODE_SIGN_STYLE = Automatic;
				CURRENT_PROJECT_VERSION = 1;
				DEVELOPMENT_TEAM = 8632GR7884;
				GENERATE_INFOPLIST_FILE = YES;
				INFOPLIST_FILE = "iOS-Task Swift/Info.plist";
				INFOPLIST_KEY_UIApplicationSupportsIndirectInputEvents = YES;
				INFOPLIST_KEY_UILaunchStoryboardName = LaunchScreen;
				INFOPLIST_KEY_UISupportedInterfaceOrientations = UIInterfaceOrientationPortrait;
				INFOPLIST_KEY_UISupportedInterfaceOrientations_iPad = "UIInterfaceOrientationPortrait UIInterfaceOrientationPortraitUpsideDown UIInterfaceOrientationLandscapeLeft UIInterfaceOrientationLandscapeRight";
				INFOPLIST_KEY_UISupportedInterfaceOrientations_iPhone = "UIInterfaceOrientationPortrait UIInterfaceOrientationLandscapeLeft UIInterfaceOrientationLandscapeRight";
				LD_RUNPATH_SEARCH_PATHS = (
					"$(inherited)",
					"@executable_path/Frameworks",
				);
				MARKETING_VERSION = 1.0;
				PRODUCT_BUNDLE_IDENTIFIER = "com.Phantom.iOS-Task-Swift";
				PRODUCT_NAME = "$(TARGET_NAME)";
				SWIFT_EMIT_LOC_STRINGS = YES;
				SWIFT_VERSION = 5.0;
				TARGETED_DEVICE_FAMILY = "1,2";
			};
			name = Debug;
		};
		7FCA6A912777536400959A3C /* Release */ = {
			isa = XCBuildConfiguration;
			buildSettings = {
				ASSETCATALOG_COMPILER_APPICON_NAME = AppIcon;
				ASSETCATALOG_COMPILER_GLOBAL_ACCENT_COLOR_NAME = AccentColor;
				CODE_SIGN_STYLE = Automatic;
				CURRENT_PROJECT_VERSION = 1;
				DEVELOPMENT_TEAM = 8632GR7884;
				GENERATE_INFOPLIST_FILE = YES;
				INFOPLIST_FILE = "iOS-Task Swift/Info.plist";
				INFOPLIST_KEY_UIApplicationSupportsIndirectInputEvents = YES;
				INFOPLIST_KEY_UILaunchStoryboardName = LaunchScreen;
				INFOPLIST_KEY_UISupportedInterfaceOrientations = UIInterfaceOrientationPortrait;
				INFOPLIST_KEY_UISupportedInterfaceOrientations_iPad = "UIInterfaceOrientationPortrait UIInterfaceOrientationPortraitUpsideDown UIInterfaceOrientationLandscapeLeft UIInterfaceOrientationLandscapeRight";
				INFOPLIST_KEY_UISupportedInterfaceOrientations_iPhone = "UIInterfaceOrientationPortrait UIInterfaceOrientationLandscapeLeft UIInterfaceOrientationLandscapeRight";
				LD_RUNPATH_SEARCH_PATHS = (
					"$(inherited)",
					"@executable_path/Frameworks",
				);
				MARKETING_VERSION = 1.0;
				PRODUCT_BUNDLE_IDENTIFIER = "com.Phantom.iOS-Task-Swift";
				PRODUCT_NAME = "$(TARGET_NAME)";
				SWIFT_EMIT_LOC_STRINGS = YES;
				SWIFT_VERSION = 5.0;
				TARGETED_DEVICE_FAMILY = "1,2";
			};
			name = Release;
		};
/* End XCBuildConfiguration section */

/* Begin XCConfigurationList section */
		7FCA6A732777536200959A3C /* Build configuration list for PBXProject "iOS-Task Swift" */ = {
			isa = XCConfigurationList;
			buildConfigurations = (
				7FCA6A8D2777536400959A3C /* Debug */,
				7FCA6A8E2777536400959A3C /* Release */,
			);
			defaultConfigurationIsVisible = 0;
			defaultConfigurationName = Release;
		};
		7FCA6A8F2777536400959A3C /* Build configuration list for PBXNativeTarget "iOS-Task Swift" */ = {
			isa = XCConfigurationList;
			buildConfigurations = (
				7FCA6A902777536400959A3C /* Debug */,
				7FCA6A912777536400959A3C /* Release */,
			);
			defaultConfigurationIsVisible = 0;
			defaultConfigurationName = Release;
		};
/* End XCConfigurationList section */

/* Begin XCVersionGroup section */
		7FCA6A842777536200959A3C /* iOS_Task_Swift.xcdatamodeld */ = {
			isa = XCVersionGroup;
			children = (
				7FCA6A852777536200959A3C /* iOS_Task_Swift.xcdatamodel */,
			);
			currentVersion = 7FCA6A852777536200959A3C /* iOS_Task_Swift.xcdatamodel */;
			path = iOS_Task_Swift.xcdatamodeld;
			sourceTree = "<group>";
			versionGroupType = wrapper.xcdatamodel;
		};
/* End XCVersionGroup section */
	};
	rootObject = 7FCA6A702777536200959A3C /* Project object */;
}
